
Microsoft Visual Studio Solution File, Format Version 12.00
# Visual Studio Version 17
VisualStudioVersion = 17.0.32112.339
MinimumVisualStudioVersion = 10.0.40219.1
Project("{8BC9CEB8-8B4A-11D0-8D11-00A0C91BC942}") = "PortMonitors", "PortMonitors\PortMonitors.vcxproj", "{09E59704-1388-4ECF-B637-6A7E9C09EF36}"
	ProjectSection(ProjectDependencies) = postProject
		{26878F6C-017B-4DFC-8315-593386F61DF5} = {26878F6C-017B-4DFC-8315-593386F61DF5}
	EndProjectSection
EndProject
Project("{8BC9CEB8-8B4A-11D0-8D11-00A0C91BC942}") = "StubDLL", "StubDLL\StubDLL.vcxproj", "{26878F6C-017B-4DFC-8315-593386F61DF5}"
EndProject
Global
	GlobalSection(SolutionConfigurationPlatforms) = preSolution
		Debug|x64 = Debug|x64
		Debug|x86 = Debug|x86
		Release|x64 = Release|x64
		Release|x86 = Release|x86
	EndGlobalSection
	GlobalSection(ProjectConfigurationPlatforms) = postSolution
		{09E59704-1388-4ECF-B637-6A7E9C09EF36}.Debug|x64.ActiveCfg = Debug|x64
		{09E59704-1388-4ECF-B637-6A7E9C09EF36}.Debug|x64.Build.0 = Debug|x64
		{09E59704-1388-4ECF-B637-6A7E9C09EF36}.Debug|x86.ActiveCfg = Debug|Win32
		{09E59704-1388-4ECF-B637-6A7E9C09EF36}.Debug|x86.Build.0 = Debug|Win32
		{09E59704-1388-4ECF-B637-6A7E9C09EF36}.Release|x64.ActiveCfg = Release|x64
		{09E59704-1388-4ECF-B637-6A7E9C09EF36}.Release|x64.Build.0 = Release|x64
		{09E59704-1388-4ECF-B637-6A7E9C09EF36}.Release|x86.ActiveCfg = Release|Win32
		{09E59704-1388-4ECF-B637-6A7E9C09EF36}.Release|x86.Build.0 = Release|Win32
		{26878F6C-017B-4DFC-8315-593386F61DF5}.Debug|x64.ActiveCfg = Debug|x64
		{26878F6C-017B-4DFC-8315-593386F61DF5}.Debug|x64.Build.0 = Debug|x64
		{26878F6C-017B-4DFC-8315-593386F61DF5}.Debug|x86.ActiveCfg = Debug|Win32
		{26878F6C-017B-4DFC-8315-593386F61DF5}.Debug|x86.Build.0 = Debug|Win32
		{26878F6C-017B-4DFC-8315-593386F61DF5}.Release|x64.ActiveCfg = Release|x64
		{26878F6C-017B-4DFC-8315-593386F61DF5}.Release|x64.Build.0 = Release|x64
		{26878F6C-017B-4DFC-8315-593386F61DF5}.Release|x86.ActiveCfg = Release|Win32
		{26878F6C-017B-4DFC-8315-593386F61DF5}.Release|x86.Build.0 = Release|Win32
	EndGlobalSection
	GlobalSection(SolutionProperties) = preSolution
		HideSolutionNode = FALSE
	EndGlobalSection
	GlobalSection(ExtensibilityGlobals) = postSolution
		SolutionGuid = {90F50FBE-D937-47A6-B285-04023D8C4CB7}
	EndGlobalSection
EndGlobal
